
Microsoft Visual Studio Solution File, Format Version 12.00
# Visual Studio Version 17
VisualStudioVersion = 17.5.33424.131
MinimumVisualStudioVersion = 10.0.40219.1
Project("{FAE04EC0-301F-11D3-BF4B-00C04F79EFBC}") = "DisplayCryptoApi", "DisplayCryptoApi\DisplayCryptoApi.csproj", "{DC7E4D85-5FA8-4DF7-819A-13317B6278BD}"
EndProject
Project("{FAE04EC0-301F-11D3-BF4B-00C04F79EFBC}") = "DisplayCryptoApiLib", "DisplayCryptoApiLib\DisplayCryptoApiLib.csproj", "{BF9FE58C-D094-4125-B391-733B59CA930B}"
EndProject
Global
	GlobalSection(SolutionConfigurationPlatforms) = preSolution
		Debug|Any CPU = Debug|Any CPU
		Release|Any CPU = Release|Any CPU
	EndGlobalSection
	GlobalSection(ProjectConfigurationPlatforms) = postSolution
		{DC7E4D85-5FA8-4DF7-819A-13317B6278BD}.Debug|Any CPU.ActiveCfg = Debug|Any CPU
		{DC7E4D85-5FA8-4DF7-819A-13317B6278BD}.Debug|Any CPU.Build.0 = Debug|Any CPU
		{DC7E4D85-5FA8-4DF7-819A-13317B6278BD}.Release|Any CPU.ActiveCfg = Release|Any CPU
		{DC7E4D85-5FA8-4DF7-819A-13317B6278BD}.Release|Any CPU.Build.0 = Release|Any CPU
		{BF9FE58C-D094-4125-B391-733B59CA930B}.Debug|Any CPU.ActiveCfg = Debug|Any CPU
		{BF9FE58C-D094-4125-B391-733B59CA930B}.Debug|Any CPU.Build.0 = Debug|Any CPU
		{BF9FE58C-D094-4125-B391-733B59CA930B}.Release|Any CPU.ActiveCfg = Release|Any CPU
		{BF9FE58C-D094-4125-B391-733B59CA930B}.Release|Any CPU.Build.0 = Release|Any CPU
	EndGlobalSection
	GlobalSection(SolutionProperties) = preSolution
		HideSolutionNode = FALSE
	EndGlobalSection
	GlobalSection(ExtensibilityGlobals) = postSolution
		SolutionGuid = {F4DE74C6-652A-4736-BA8A-B982D004AFD0}
	EndGlobalSection
EndGlobal
